
Microsoft Visual Studio Solution File, Format Version 12.00
# Visual Studio Version 17
VisualStudioVersion = 17.8.34330.188
MinimumVisualStudioVersion = 10.0.40219.1
Project("{9A19103F-16F7-4668-BE54-9A1E7A4F7556}") = "TestovoeOMK", "TestovoeOMK.csproj", "{19B8D085-2E49-4435-BB0D-D367852AEE2C}"
EndProject
Global
	GlobalSection(SolutionConfigurationPlatforms) = preSolution
		Debug|Any CPU = Debug|Any CPU
		Release|Any CPU = Release|Any CPU
	EndGlobalSection
	GlobalSection(ProjectConfigurationPlatforms) = postSolution
		{19B8D085-2E49-4435-BB0D-D367852AEE2C}.Debug|Any CPU.ActiveCfg = Debug|Any CPU
		{19B8D085-2E49-4435-BB0D-D367852AEE2C}.Debug|Any CPU.Build.0 = Debug|Any CPU
		{19B8D085-2E49-4435-BB0D-D367852AEE2C}.Release|Any CPU.ActiveCfg = Release|Any CPU
		{19B8D085-2E49-4435-BB0D-D367852AEE2C}.Release|Any CPU.Build.0 = Release|Any CPU
	EndGlobalSection
	GlobalSection(SolutionProperties) = preSolution
		HideSolutionNode = FALSE
	EndGlobalSection
	GlobalSection(ExtensibilityGlobals) = postSolution
		SolutionGuid = {82E4A19C-F114-4223-A910-92F8E80F6200}
	EndGlobalSection
EndGlobal
